
Microsoft Visual Studio Solution File, Format Version 11.00
# Visual Studio 2010
Project("{FAE04EC0-301F-11D3-BF4B-00C04F79EFBC}") = "Prac19", "Prac19\Prac19.csproj", "{19E5AB8D-6A47-49A8-81ED-DC91D6F7A52D}"
EndProject
Global
	GlobalSection(SolutionConfigurationPlatforms) = preSolution
		Debug|Any CPU = Debug|Any CPU
		Release|Any CPU = Release|Any CPU
	EndGlobalSection
	GlobalSection(ProjectConfigurationPlatforms) = postSolution
		{19E5AB8D-6A47-49A8-81ED-DC91D6F7A52D}.Debug|Any CPU.ActiveCfg = Debug|Any CPU
		{19E5AB8D-6A47-49A8-81ED-DC91D6F7A52D}.Debug|Any CPU.Build.0 = Debug|Any CPU
		{19E5AB8D-6A47-49A8-81ED-DC91D6F7A52D}.Release|Any CPU.ActiveCfg = Release|Any CPU
		{19E5AB8D-6A47-49A8-81ED-DC91D6F7A52D}.Release|Any CPU.Build.0 = Release|Any CPU
	EndGlobalSection
	GlobalSection(SolutionProperties) = preSolution
		HideSolutionNode = FALSE
	EndGlobalSection
EndGlobal
