
Microsoft Visual Studio Solution File, Format Version 11.00
# Visual Studio 2010
Project("{FAE04EC0-301F-11D3-BF4B-00C04F79EFBC}") = "globalexa", "globalexa\globalexa.csproj", "{08906BB1-365F-4268-9D75-836A339360D0}"
EndProject
Global
	GlobalSection(SolutionConfigurationPlatforms) = preSolution
		Debug|Any CPU = Debug|Any CPU
		Release|Any CPU = Release|Any CPU
	EndGlobalSection
	GlobalSection(ProjectConfigurationPlatforms) = postSolution
		{08906BB1-365F-4268-9D75-836A339360D0}.Debug|Any CPU.ActiveCfg = Debug|Any CPU
		{08906BB1-365F-4268-9D75-836A339360D0}.Debug|Any CPU.Build.0 = Debug|Any CPU
		{08906BB1-365F-4268-9D75-836A339360D0}.Release|Any CPU.ActiveCfg = Release|Any CPU
		{08906BB1-365F-4268-9D75-836A339360D0}.Release|Any CPU.Build.0 = Release|Any CPU
	EndGlobalSection
	GlobalSection(SolutionProperties) = preSolution
		HideSolutionNode = FALSE
	EndGlobalSection
EndGlobal
