
Microsoft Visual Studio Solution File, Format Version 11.00
# Visual Studio 2010
Project("{FAE04EC0-301F-11D3-BF4B-00C04F79EFBC}") = "Prac_1", "Prac_1\Prac_1.csproj", "{102BA92D-46E0-4990-A428-3A5C2B8B0BA4}"
EndProject
Global
	GlobalSection(SolutionConfigurationPlatforms) = preSolution
		Debug|Any CPU = Debug|Any CPU
		Release|Any CPU = Release|Any CPU
	EndGlobalSection
	GlobalSection(ProjectConfigurationPlatforms) = postSolution
		{102BA92D-46E0-4990-A428-3A5C2B8B0BA4}.Debug|Any CPU.ActiveCfg = Debug|Any CPU
		{102BA92D-46E0-4990-A428-3A5C2B8B0BA4}.Debug|Any CPU.Build.0 = Debug|Any CPU
		{102BA92D-46E0-4990-A428-3A5C2B8B0BA4}.Release|Any CPU.ActiveCfg = Release|Any CPU
		{102BA92D-46E0-4990-A428-3A5C2B8B0BA4}.Release|Any CPU.Build.0 = Release|Any CPU
	EndGlobalSection
	GlobalSection(SolutionProperties) = preSolution
		HideSolutionNode = FALSE
	EndGlobalSection
EndGlobal
