
Microsoft Visual Studio Solution File, Format Version 11.00
# Visual Studio 2010
Project("{FAE04EC0-301F-11D3-BF4B-00C04F79EFBC}") = "cookies_example", "cookies_example\cookies_example.csproj", "{D8F7976E-17CE-4F0C-A58C-0E3A4F8AF82C}"
EndProject
Global
	GlobalSection(SolutionConfigurationPlatforms) = preSolution
		Debug|Any CPU = Debug|Any CPU
		Release|Any CPU = Release|Any CPU
	EndGlobalSection
	GlobalSection(ProjectConfigurationPlatforms) = postSolution
		{D8F7976E-17CE-4F0C-A58C-0E3A4F8AF82C}.Debug|Any CPU.ActiveCfg = Debug|Any CPU
		{D8F7976E-17CE-4F0C-A58C-0E3A4F8AF82C}.Debug|Any CPU.Build.0 = Debug|Any CPU
		{D8F7976E-17CE-4F0C-A58C-0E3A4F8AF82C}.Release|Any CPU.ActiveCfg = Release|Any CPU
		{D8F7976E-17CE-4F0C-A58C-0E3A4F8AF82C}.Release|Any CPU.Build.0 = Release|Any CPU
	EndGlobalSection
	GlobalSection(SolutionProperties) = preSolution
		HideSolutionNode = FALSE
	EndGlobalSection
EndGlobal
